
Microsoft Visual Studio Solution File, Format Version 12.00
# Visual Studio Version 17
VisualStudioVersion = 17.3.32611.2
MinimumVisualStudioVersion = 10.0.40219.1
Project("{FAE04EC0-301F-11D3-BF4B-00C04F79EFBC}") = "NRONameRestorer", "NRONameRestorer\NRONameRestorer.csproj", "{415C2D62-85E4-4457-8206-77B00E6663FD}"
EndProject
Global
	GlobalSection(SolutionConfigurationPlatforms) = preSolution
		Debug|Any CPU = Debug|Any CPU
		Release|Any CPU = Release|Any CPU
	EndGlobalSection
	GlobalSection(ProjectConfigurationPlatforms) = postSolution
		{415C2D62-85E4-4457-8206-77B00E6663FD}.Debug|Any CPU.ActiveCfg = Debug|Any CPU
		{415C2D62-85E4-4457-8206-77B00E6663FD}.Debug|Any CPU.Build.0 = Debug|Any CPU
		{415C2D62-85E4-4457-8206-77B00E6663FD}.Release|Any CPU.ActiveCfg = Release|Any CPU
		{415C2D62-85E4-4457-8206-77B00E6663FD}.Release|Any CPU.Build.0 = Release|Any CPU
	EndGlobalSection
	GlobalSection(SolutionProperties) = preSolution
		HideSolutionNode = FALSE
	EndGlobalSection
	GlobalSection(ExtensibilityGlobals) = postSolution
		SolutionGuid = {02409C1F-9641-40A8-BFFD-A3CFEE058B81}
	EndGlobalSection
EndGlobal
